{
    "name": "pomelo-monitor",
    "version": "1.0.0",
    "lockfileVersion": 1,
    "requires": true,
    "dependencies": {
        "@types/node": {
            "version": "http://111.231.85.56:4873/@types%2fnode/-/node-8.5.2.tgz",
            "integrity": "sha1-g7gQP6miwug9ePcBqap8lTlzmqU="
        }
    }
}
